
Microsoft Visual Studio Solution File, Format Version 12.00
# Visual Studio 15
VisualStudioVersion = 15.0.26124.0
MinimumVisualStudioVersion = 15.0.26124.0
Project("{FAE04EC0-301F-11D3-BF4B-00C04F79EFBC}") = "GME.Domain", "GME.Domain\GME.Domain.csproj", "{AFC545E0-2FF5-428F-8B46-B6506511A1A1}"
EndProject
Project("{FAE04EC0-301F-11D3-BF4B-00C04F79EFBC}") = "GME.Parser", "GME.Parser\GME.Parser.csproj", "{04BF2C2B-80B0-42D8-834F-CC0893E57408}"
EndProject
Project("{FAE04EC0-301F-11D3-BF4B-00C04F79EFBC}") = "GME.Persistence", "GME.Persistence\GME.Persistence.csproj", "{48306120-A1F4-42F4-A35E-06010BD8084B}"
EndProject
Project("{FAE04EC0-301F-11D3-BF4B-00C04F79EFBC}") = "GME.Scraper", "GME.Scraper\GME.Scraper.csproj", "{B54EFD28-593D-4082-98E1-948B979C54D2}"
EndProject
Project("{FAE04EC0-301F-11D3-BF4B-00C04F79EFBC}") = "GME.Worker", "GME.Worker\GME.Worker.csproj", "{F2CCDB89-DBE4-48B9-956F-CC7A24581322}"
EndProject
Global
	GlobalSection(SolutionConfigurationPlatforms) = preSolution
		Debug|Any CPU = Debug|Any CPU
		Debug|x64 = Debug|x64
		Debug|x86 = Debug|x86
		Release|Any CPU = Release|Any CPU
		Release|x64 = Release|x64
		Release|x86 = Release|x86
	EndGlobalSection
	GlobalSection(SolutionProperties) = preSolution
		HideSolutionNode = FALSE
	EndGlobalSection
	GlobalSection(ProjectConfigurationPlatforms) = postSolution
		{AFC545E0-2FF5-428F-8B46-B6506511A1A1}.Debug|Any CPU.ActiveCfg = Debug|Any CPU
		{AFC545E0-2FF5-428F-8B46-B6506511A1A1}.Debug|Any CPU.Build.0 = Debug|Any CPU
		{AFC545E0-2FF5-428F-8B46-B6506511A1A1}.Debug|x64.ActiveCfg = Debug|Any CPU
		{AFC545E0-2FF5-428F-8B46-B6506511A1A1}.Debug|x64.Build.0 = Debug|Any CPU
		{AFC545E0-2FF5-428F-8B46-B6506511A1A1}.Debug|x86.ActiveCfg = Debug|Any CPU
		{AFC545E0-2FF5-428F-8B46-B6506511A1A1}.Debug|x86.Build.0 = Debug|Any CPU
		{AFC545E0-2FF5-428F-8B46-B6506511A1A1}.Release|Any CPU.ActiveCfg = Release|Any CPU
		{AFC545E0-2FF5-428F-8B46-B6506511A1A1}.Release|Any CPU.Build.0 = Release|Any CPU
		{AFC545E0-2FF5-428F-8B46-B6506511A1A1}.Release|x64.ActiveCfg = Release|Any CPU
		{AFC545E0-2FF5-428F-8B46-B6506511A1A1}.Release|x64.Build.0 = Release|Any CPU
		{AFC545E0-2FF5-428F-8B46-B6506511A1A1}.Release|x86.ActiveCfg = Release|Any CPU
		{AFC545E0-2FF5-428F-8B46-B6506511A1A1}.Release|x86.Build.0 = Release|Any CPU
		{04BF2C2B-80B0-42D8-834F-CC0893E57408}.Debug|Any CPU.ActiveCfg = Debug|Any CPU
		{04BF2C2B-80B0-42D8-834F-CC0893E57408}.Debug|Any CPU.Build.0 = Debug|Any CPU
		{04BF2C2B-80B0-42D8-834F-CC0893E57408}.Debug|x64.ActiveCfg = Debug|Any CPU
		{04BF2C2B-80B0-42D8-834F-CC0893E57408}.Debug|x64.Build.0 = Debug|Any CPU
		{04BF2C2B-80B0-42D8-834F-CC0893E57408}.Debug|x86.ActiveCfg = Debug|Any CPU
		{04BF2C2B-80B0-42D8-834F-CC0893E57408}.Debug|x86.Build.0 = Debug|Any CPU
		{04BF2C2B-80B0-42D8-834F-CC0893E57408}.Release|Any CPU.ActiveCfg = Release|Any CPU
		{04BF2C2B-80B0-42D8-834F-CC0893E57408}.Release|Any CPU.Build.0 = Release|Any CPU
		{04BF2C2B-80B0-42D8-834F-CC0893E57408}.Release|x64.ActiveCfg = Release|Any CPU
		{04BF2C2B-80B0-42D8-834F-CC0893E57408}.Release|x64.Build.0 = Release|Any CPU
		{04BF2C2B-80B0-42D8-834F-CC0893E57408}.Release|x86.ActiveCfg = Release|Any CPU
		{04BF2C2B-80B0-42D8-834F-CC0893E57408}.Release|x86.Build.0 = Release|Any CPU
		{48306120-A1F4-42F4-A35E-06010BD8084B}.Debug|Any CPU.ActiveCfg = Debug|Any CPU
		{48306120-A1F4-42F4-A35E-06010BD8084B}.Debug|Any CPU.Build.0 = Debug|Any CPU
		{48306120-A1F4-42F4-A35E-06010BD8084B}.Debug|x64.ActiveCfg = Debug|Any CPU
		{48306120-A1F4-42F4-A35E-06010BD8084B}.Debug|x64.Build.0 = Debug|Any CPU
		{48306120-A1F4-42F4-A35E-06010BD8084B}.Debug|x86.ActiveCfg = Debug|Any CPU
		{48306120-A1F4-42F4-A35E-06010BD8084B}.Debug|x86.Build.0 = Debug|Any CPU
		{48306120-A1F4-42F4-A35E-06010BD8084B}.Release|Any CPU.ActiveCfg = Release|Any CPU
		{48306120-A1F4-42F4-A35E-06010BD8084B}.Release|Any CPU.Build.0 = Release|Any CPU
		{48306120-A1F4-42F4-A35E-06010BD8084B}.Release|x64.ActiveCfg = Release|Any CPU
		{48306120-A1F4-42F4-A35E-06010BD8084B}.Release|x64.Build.0 = Release|Any CPU
		{48306120-A1F4-42F4-A35E-06010BD8084B}.Release|x86.ActiveCfg = Release|Any CPU
		{48306120-A1F4-42F4-A35E-06010BD8084B}.Release|x86.Build.0 = Release|Any CPU
		{B54EFD28-593D-4082-98E1-948B979C54D2}.Debug|Any CPU.ActiveCfg = Debug|Any CPU
		{B54EFD28-593D-4082-98E1-948B979C54D2}.Debug|Any CPU.Build.0 = Debug|Any CPU
		{B54EFD28-593D-4082-98E1-948B979C54D2}.Debug|x64.ActiveCfg = Debug|Any CPU
		{B54EFD28-593D-4082-98E1-948B979C54D2}.Debug|x64.Build.0 = Debug|Any CPU
		{B54EFD28-593D-4082-98E1-948B979C54D2}.Debug|x86.ActiveCfg = Debug|Any CPU
		{B54EFD28-593D-4082-98E1-948B979C54D2}.Debug|x86.Build.0 = Debug|Any CPU
		{B54EFD28-593D-4082-98E1-948B979C54D2}.Release|Any CPU.ActiveCfg = Release|Any CPU
		{B54EFD28-593D-4082-98E1-948B979C54D2}.Release|Any CPU.Build.0 = Release|Any CPU
		{B54EFD28-593D-4082-98E1-948B979C54D2}.Release|x64.ActiveCfg = Release|Any CPU
		{B54EFD28-593D-4082-98E1-948B979C54D2}.Release|x64.Build.0 = Release|Any CPU
		{B54EFD28-593D-4082-98E1-948B979C54D2}.Release|x86.ActiveCfg = Release|Any CPU
		{B54EFD28-593D-4082-98E1-948B979C54D2}.Release|x86.Build.0 = Release|Any CPU
		{F2CCDB89-DBE4-48B9-956F-CC7A24581322}.Debug|Any CPU.ActiveCfg = Debug|Any CPU
		{F2CCDB89-DBE4-48B9-956F-CC7A24581322}.Debug|Any CPU.Build.0 = Debug|Any CPU
		{F2CCDB89-DBE4-48B9-956F-CC7A24581322}.Debug|x64.ActiveCfg = Debug|Any CPU
		{F2CCDB89-DBE4-48B9-956F-CC7A24581322}.Debug|x64.Build.0 = Debug|Any CPU
		{F2CCDB89-DBE4-48B9-956F-CC7A24581322}.Debug|x86.ActiveCfg = Debug|Any CPU
		{F2CCDB89-DBE4-48B9-956F-CC7A24581322}.Debug|x86.Build.0 = Debug|Any CPU
		{F2CCDB89-DBE4-48B9-956F-CC7A24581322}.Release|Any CPU.ActiveCfg = Release|Any CPU
		{F2CCDB89-DBE4-48B9-956F-CC7A24581322}.Release|Any CPU.Build.0 = Release|Any CPU
		{F2CCDB89-DBE4-48B9-956F-CC7A24581322}.Release|x64.ActiveCfg = Release|Any CPU
		{F2CCDB89-DBE4-48B9-956F-CC7A24581322}.Release|x64.Build.0 = Release|Any CPU
		{F2CCDB89-DBE4-48B9-956F-CC7A24581322}.Release|x86.ActiveCfg = Release|Any CPU
		{F2CCDB89-DBE4-48B9-956F-CC7A24581322}.Release|x86.Build.0 = Release|Any CPU
	EndGlobalSection
EndGlobal
